
Microsoft Visual Studio Solution File, Format Version 12.00
# Visual Studio 15
VisualStudioVersion = 15.0.28010.2019
MinimumVisualStudioVersion = 10.0.40219.1
Project("{FAE04EC0-301F-11D3-BF4B-00C04F79EFBC}") = "WindowsFormsApp1", "WindowsFormsApp1\WindowsFormsApp1.csproj", "{88676F0C-467F-4BCD-8055-7AEDF8883ED7}"
EndProject
Global
	GlobalSection(SolutionConfigurationPlatforms) = preSolution
		Debug|Any CPU = Debug|Any CPU
		Release|Any CPU = Release|Any CPU
	EndGlobalSection
	GlobalSection(ProjectConfigurationPlatforms) = postSolution
		{88676F0C-467F-4BCD-8055-7AEDF8883ED7}.Debug|Any CPU.ActiveCfg = Debug|Any CPU
		{88676F0C-467F-4BCD-8055-7AEDF8883ED7}.Debug|Any CPU.Build.0 = Debug|Any CPU
		{88676F0C-467F-4BCD-8055-7AEDF8883ED7}.Release|Any CPU.ActiveCfg = Release|Any CPU
		{88676F0C-467F-4BCD-8055-7AEDF8883ED7}.Release|Any CPU.Build.0 = Release|Any CPU
	EndGlobalSection
	GlobalSection(SolutionProperties) = preSolution
		HideSolutionNode = FALSE
	EndGlobalSection
	GlobalSection(ExtensibilityGlobals) = postSolution
		SolutionGuid = {B65D1F0A-F1BF-4BD0-AD3C-C7B1CF08B03B}
	EndGlobalSection
EndGlobal
